<Solution>
  <Folder Name="/src/">
    <Project Path="src/ExamTest.Application/ExamTest.Application.csproj" />
    <Project Path="src/ExamTest.Domain/ExamTest.Domain.csproj" />
    <Project Path="src/ExamTest.Infastructure/ExamTest.Infastructure.csproj" />
    <Project Path="src/ExamTest.Tests/ExamTest.Tests.csproj" />
    <Project Path="src/ExamTest.WebApi/ExamTest.WebApi.csproj" />
  </Folder>
</Solution>
